
Microsoft Visual Studio Solution File, Format Version 12.00
# Visual Studio 15
VisualStudioVersion = 15.0.28307.489
MinimumVisualStudioVersion = 10.0.40219.1
Project("{FAE04EC0-301F-11D3-BF4B-00C04F79EFBC}") = "SampleWinformApp", "SampleWinformApp\SampleWinformApp.csproj", "{18899921-E341-4D01-9012-3E6D9E2BC3A6}"
EndProject
Project("{FAE04EC0-301F-11D3-BF4B-00C04F79EFBC}") = "Manager", "Manager\Manager.csproj", "{FDC51A73-8FD7-40BF-BA15-083A90AF732E}"
EndProject
Project("{FAE04EC0-301F-11D3-BF4B-00C04F79EFBC}") = "Contract", "Contract\Contract.csproj", "{3E68BAA7-8DC3-4774-B583-85869191EE4B}"
EndProject
Project("{FAE04EC0-301F-11D3-BF4B-00C04F79EFBC}") = "Engine", "Engine\Engine.csproj", "{80B40062-5E49-46AC-9790-14303A48DF91}"
EndProject
Global
	GlobalSection(SolutionConfigurationPlatforms) = preSolution
		Debug|Any CPU = Debug|Any CPU
		Release|Any CPU = Release|Any CPU
	EndGlobalSection
	GlobalSection(ProjectConfigurationPlatforms) = postSolution
		{18899921-E341-4D01-9012-3E6D9E2BC3A6}.Debug|Any CPU.ActiveCfg = Debug|Any CPU
		{18899921-E341-4D01-9012-3E6D9E2BC3A6}.Debug|Any CPU.Build.0 = Debug|Any CPU
		{18899921-E341-4D01-9012-3E6D9E2BC3A6}.Release|Any CPU.ActiveCfg = Release|Any CPU
		{18899921-E341-4D01-9012-3E6D9E2BC3A6}.Release|Any CPU.Build.0 = Release|Any CPU
		{FDC51A73-8FD7-40BF-BA15-083A90AF732E}.Debug|Any CPU.ActiveCfg = Debug|Any CPU
		{FDC51A73-8FD7-40BF-BA15-083A90AF732E}.Debug|Any CPU.Build.0 = Debug|Any CPU
		{FDC51A73-8FD7-40BF-BA15-083A90AF732E}.Release|Any CPU.ActiveCfg = Release|Any CPU
		{FDC51A73-8FD7-40BF-BA15-083A90AF732E}.Release|Any CPU.Build.0 = Release|Any CPU
		{3E68BAA7-8DC3-4774-B583-85869191EE4B}.Debug|Any CPU.ActiveCfg = Debug|Any CPU
		{3E68BAA7-8DC3-4774-B583-85869191EE4B}.Debug|Any CPU.Build.0 = Debug|Any CPU
		{3E68BAA7-8DC3-4774-B583-85869191EE4B}.Release|Any CPU.ActiveCfg = Release|Any CPU
		{3E68BAA7-8DC3-4774-B583-85869191EE4B}.Release|Any CPU.Build.0 = Release|Any CPU
		{80B40062-5E49-46AC-9790-14303A48DF91}.Debug|Any CPU.ActiveCfg = Debug|Any CPU
		{80B40062-5E49-46AC-9790-14303A48DF91}.Debug|Any CPU.Build.0 = Debug|Any CPU
		{80B40062-5E49-46AC-9790-14303A48DF91}.Release|Any CPU.ActiveCfg = Release|Any CPU
		{80B40062-5E49-46AC-9790-14303A48DF91}.Release|Any CPU.Build.0 = Release|Any CPU
	EndGlobalSection
	GlobalSection(SolutionProperties) = preSolution
		HideSolutionNode = FALSE
	EndGlobalSection
	GlobalSection(ExtensibilityGlobals) = postSolution
		SolutionGuid = {7ADB85A6-77B8-46CF-AFE6-C8E5652B00B4}
	EndGlobalSection
EndGlobal
